Microsoft Visual Studio Solution File, Format Version 12.00
# Visual Studio Version 17
VisualStudioVersion = 17.5.2.0
MinimumVisualStudioVersion = 10.0.40219.1
Project("{FAE04EC0-301F-11D3-BF4B-00C04F79EFBC}") = "Chpt_one", "Chpt_one\Chpt_one.csproj", "{00D87E26-788A-CFEA-FC6E-2A5AADB69B85}"
EndProject
Project("{FAE04EC0-301F-11D3-BF4B-00C04F79EFBC}") = "ChptTwo", "ChptTwo\ChptTwo.csproj", "{61CD7EC0-3812-4EBD-B1ED-1B28A4902912}"
EndProject
Project("{FAE04EC0-301F-11D3-BF4B-00C04F79EFBC}") = "Chpt_Three", "Chpt_Three\Chpt_Three.csproj", "{A4BF6800-369D-4E0D-95C3-0720B3E60553}"
EndProject
Project("{FAE04EC0-301F-11D3-BF4B-00C04F79EFBC}") = "Chpt4", "Chpt4\Chpt4.csproj", "{174B61F6-6A56-4EB1-B83E-2DE6B68507E7}"
EndProject
Project("{FAE04EC0-301F-11D3-BF4B-00C04F79EFBC}") = "Chpt5", "Chpt5\Chpt5.csproj", "{9A6A4288-1DC3-40AA-890C-CD2AA909B8BB}"
EndProject
Project("{FAE04EC0-301F-11D3-BF4B-00C04F79EFBC}") = "Chpt7_Arrays", "Chpt7_Arrays\Chpt7_Arrays.csproj", "{E2BDF977-C6CA-425C-8E28-D53D5CC9BCB1}"
EndProject
Project("{FAE04EC0-301F-11D3-BF4B-00C04F79EFBC}") = "Chpt9_Methods", "Chpt9_Methods\Chpt9_Methods.csproj", "{4EDDA7EF-3182-4E8F-9DF0-70559948600C}"
EndProject
Project("{FAE04EC0-301F-11D3-BF4B-00C04F79EFBC}") = "Chpt10Recursion", "Chpt10Recursion\Chpt10Recursion.csproj", "{340899BE-EBC3-4A6D-A59D-07336886AD21}"
EndProject
Project("{FAE04EC0-301F-11D3-BF4B-00C04F79EFBC}") = "Chpt11_CreatingAndUsingObjects", "Chpt11_CreatingAndUsingObjects\Chpt11_CreatingAndUsingObjects.csproj", "{A6D024C9-572E-4FC8-8034-D0AF08DE7C03}"
EndProject
Project("{FAE04EC0-301F-11D3-BF4B-00C04F79EFBC}") = "Chpt12Exceptions", "Chpt12Exceptions\Chpt12Exceptions.csproj", "{EC5EBA00-FF9A-4459-8AE7-1808AEBA7496}"
EndProject
Project("{FAE04EC0-301F-11D3-BF4B-00C04F79EFBC}") = "Chpt14Classes", "Chpt14Classes\Chpt14Classes.csproj", "{BA40661A-EC51-460D-A83D-99F5328F5E2B}"
EndProject
Project("{FAE04EC0-301F-11D3-BF4B-00C04F79EFBC}") = "Chpt15TestFiles", "Chpt15TestFiles\Chpt15TestFiles.csproj", "{20F4C4BF-666B-4DE0-9CA0-4C989D02680B}"
EndProject
Project("{FAE04EC0-301F-11D3-BF4B-00C04F79EFBC}") = "Chpt16LinearDataStructures", "Chpt16LinearDataStructures\Chpt16LinearDataStructures.csproj", "{03BEC93A-D92E-4628-B8E3-F54DC156E543}"
EndProject
Project("{FAE04EC0-301F-11D3-BF4B-00C04F79EFBC}") = "Chpt17TreeAndGraph", "Chpt17TreeAndGraph\Chpt17TreeAndGraph.csproj", "{19F00CC4-BDAE-45CF-B705-AADCC26721F2}"
EndProject
Project("{FAE04EC0-301F-11D3-BF4B-00C04F79EFBC}") = "Chpt18DictHash-TablesAndSets", "Chpt18DictHash-TablesAndSets\Chpt18DictHash-TablesAndSets.csproj", "{FB360B88-8452-4613-9C2E-A7BA94C71D3F}"
EndProject
Project("{FAE04EC0-301F-11D3-BF4B-00C04F79EFBC}") = "Chpt19DSA", "Chpt19DSA\Chpt19DSA.csproj", "{6AE71343-3E0B-4E8F-9BA4-B7B15E98A4D8}"
EndProject
Project("{FAE04EC0-301F-11D3-BF4B-00C04F79EFBC}") = "Chpt20OOPPrinciples", "Chpt20OOPPrinciples\Chpt20OOPPrinciples.csproj", "{ED9C3B7B-5426-4BBD-998F-3F779D1E838A}"
EndProject
Project("{FAE04EC0-301F-11D3-BF4B-00C04F79EFBC}") = "Chpt21HighQualityProgrammingCode", "Chpt21HighQualityProgrammingCode\Chpt21HighQualityProgrammingCode.csproj", "{24E845E3-F48F-42E2-997A-87AC14E573D4}"
EndProject
Project("{FAE04EC0-301F-11D3-BF4B-00C04F79EFBC}") = "Chpt22LamdaExpressionAndLINQ", "Chpt22LamdaExpressionAndLINQ\Chpt22LamdaExpressionAndLINQ.csproj", "{F36E9BDB-EFF1-442D-90B7-4C832DD1DE6F}"
EndProject
Global
	GlobalSection(SolutionConfigurationPlatforms) = preSolution
		Debug|Any CPU = Debug|Any CPU
		Release|Any CPU = Release|Any CPU
	EndGlobalSection
	GlobalSection(ProjectConfigurationPlatforms) = postSolution
		{00D87E26-788A-CFEA-FC6E-2A5AADB69B85}.Debug|Any CPU.ActiveCfg = Debug|Any CPU
		{00D87E26-788A-CFEA-FC6E-2A5AADB69B85}.Debug|Any CPU.Build.0 = Debug|Any CPU
		{00D87E26-788A-CFEA-FC6E-2A5AADB69B85}.Release|Any CPU.ActiveCfg = Release|Any CPU
		{00D87E26-788A-CFEA-FC6E-2A5AADB69B85}.Release|Any CPU.Build.0 = Release|Any CPU
		{61CD7EC0-3812-4EBD-B1ED-1B28A4902912}.Debug|Any CPU.ActiveCfg = Debug|Any CPU
		{61CD7EC0-3812-4EBD-B1ED-1B28A4902912}.Debug|Any CPU.Build.0 = Debug|Any CPU
		{61CD7EC0-3812-4EBD-B1ED-1B28A4902912}.Release|Any CPU.ActiveCfg = Release|Any CPU
		{61CD7EC0-3812-4EBD-B1ED-1B28A4902912}.Release|Any CPU.Build.0 = Release|Any CPU
		{A4BF6800-369D-4E0D-95C3-0720B3E60553}.Debug|Any CPU.ActiveCfg = Debug|Any CPU
		{A4BF6800-369D-4E0D-95C3-0720B3E60553}.Debug|Any CPU.Build.0 = Debug|Any CPU
		{A4BF6800-369D-4E0D-95C3-0720B3E60553}.Release|Any CPU.ActiveCfg = Release|Any CPU
		{A4BF6800-369D-4E0D-95C3-0720B3E60553}.Release|Any CPU.Build.0 = Release|Any CPU
		{174B61F6-6A56-4EB1-B83E-2DE6B68507E7}.Debug|Any CPU.ActiveCfg = Debug|Any CPU
		{174B61F6-6A56-4EB1-B83E-2DE6B68507E7}.Debug|Any CPU.Build.0 = Debug|Any CPU
		{174B61F6-6A56-4EB1-B83E-2DE6B68507E7}.Release|Any CPU.ActiveCfg = Release|Any CPU
		{174B61F6-6A56-4EB1-B83E-2DE6B68507E7}.Release|Any CPU.Build.0 = Release|Any CPU
		{9A6A4288-1DC3-40AA-890C-CD2AA909B8BB}.Debug|Any CPU.ActiveCfg = Debug|Any CPU
		{9A6A4288-1DC3-40AA-890C-CD2AA909B8BB}.Debug|Any CPU.Build.0 = Debug|Any CPU
		{9A6A4288-1DC3-40AA-890C-CD2AA909B8BB}.Release|Any CPU.ActiveCfg = Release|Any CPU
		{9A6A4288-1DC3-40AA-890C-CD2AA909B8BB}.Release|Any CPU.Build.0 = Release|Any CPU
		{E2BDF977-C6CA-425C-8E28-D53D5CC9BCB1}.Debug|Any CPU.ActiveCfg = Debug|Any CPU
		{E2BDF977-C6CA-425C-8E28-D53D5CC9BCB1}.Debug|Any CPU.Build.0 = Debug|Any CPU
		{E2BDF977-C6CA-425C-8E28-D53D5CC9BCB1}.Release|Any CPU.ActiveCfg = Release|Any CPU
		{E2BDF977-C6CA-425C-8E28-D53D5CC9BCB1}.Release|Any CPU.Build.0 = Release|Any CPU
		{4EDDA7EF-3182-4E8F-9DF0-70559948600C}.Debug|Any CPU.ActiveCfg = Debug|Any CPU
		{4EDDA7EF-3182-4E8F-9DF0-70559948600C}.Debug|Any CPU.Build.0 = Debug|Any CPU
		{4EDDA7EF-3182-4E8F-9DF0-70559948600C}.Release|Any CPU.ActiveCfg = Release|Any CPU
		{4EDDA7EF-3182-4E8F-9DF0-70559948600C}.Release|Any CPU.Build.0 = Release|Any CPU
		{340899BE-EBC3-4A6D-A59D-07336886AD21}.Debug|Any CPU.ActiveCfg = Debug|Any CPU
		{340899BE-EBC3-4A6D-A59D-07336886AD21}.Debug|Any CPU.Build.0 = Debug|Any CPU
		{340899BE-EBC3-4A6D-A59D-07336886AD21}.Release|Any CPU.ActiveCfg = Release|Any CPU
		{340899BE-EBC3-4A6D-A59D-07336886AD21}.Release|Any CPU.Build.0 = Release|Any CPU
		{A6D024C9-572E-4FC8-8034-D0AF08DE7C03}.Debug|Any CPU.ActiveCfg = Debug|Any CPU
		{A6D024C9-572E-4FC8-8034-D0AF08DE7C03}.Debug|Any CPU.Build.0 = Debug|Any CPU
		{A6D024C9-572E-4FC8-8034-D0AF08DE7C03}.Release|Any CPU.ActiveCfg = Release|Any CPU
		{A6D024C9-572E-4FC8-8034-D0AF08DE7C03}.Release|Any CPU.Build.0 = Release|Any CPU
		{EC5EBA00-FF9A-4459-8AE7-1808AEBA7496}.Debug|Any CPU.ActiveCfg = Debug|Any CPU
		{EC5EBA00-FF9A-4459-8AE7-1808AEBA7496}.Debug|Any CPU.Build.0 = Debug|Any CPU
		{EC5EBA00-FF9A-4459-8AE7-1808AEBA7496}.Release|Any CPU.ActiveCfg = Release|Any CPU
		{EC5EBA00-FF9A-4459-8AE7-1808AEBA7496}.Release|Any CPU.Build.0 = Release|Any CPU
		{BA40661A-EC51-460D-A83D-99F5328F5E2B}.Debug|Any CPU.ActiveCfg = Debug|Any CPU
		{BA40661A-EC51-460D-A83D-99F5328F5E2B}.Debug|Any CPU.Build.0 = Debug|Any CPU
		{BA40661A-EC51-460D-A83D-99F5328F5E2B}.Release|Any CPU.ActiveCfg = Release|Any CPU
		{BA40661A-EC51-460D-A83D-99F5328F5E2B}.Release|Any CPU.Build.0 = Release|Any CPU
		{20F4C4BF-666B-4DE0-9CA0-4C989D02680B}.Debug|Any CPU.ActiveCfg = Debug|Any CPU
		{20F4C4BF-666B-4DE0-9CA0-4C989D02680B}.Debug|Any CPU.Build.0 = Debug|Any CPU
		{20F4C4BF-666B-4DE0-9CA0-4C989D02680B}.Release|Any CPU.ActiveCfg = Release|Any CPU
		{20F4C4BF-666B-4DE0-9CA0-4C989D02680B}.Release|Any CPU.Build.0 = Release|Any CPU
		{03BEC93A-D92E-4628-B8E3-F54DC156E543}.Debug|Any CPU.ActiveCfg = Debug|Any CPU
		{03BEC93A-D92E-4628-B8E3-F54DC156E543}.Debug|Any CPU.Build.0 = Debug|Any CPU
		{03BEC93A-D92E-4628-B8E3-F54DC156E543}.Release|Any CPU.ActiveCfg = Release|Any CPU
		{03BEC93A-D92E-4628-B8E3-F54DC156E543}.Release|Any CPU.Build.0 = Release|Any CPU
		{19F00CC4-BDAE-45CF-B705-AADCC26721F2}.Debug|Any CPU.ActiveCfg = Debug|Any CPU
		{19F00CC4-BDAE-45CF-B705-AADCC26721F2}.Debug|Any CPU.Build.0 = Debug|Any CPU
		{19F00CC4-BDAE-45CF-B705-AADCC26721F2}.Release|Any CPU.ActiveCfg = Release|Any CPU
		{19F00CC4-BDAE-45CF-B705-AADCC26721F2}.Release|Any CPU.Build.0 = Release|Any CPU
		{FB360B88-8452-4613-9C2E-A7BA94C71D3F}.Debug|Any CPU.ActiveCfg = Debug|Any CPU
		{FB360B88-8452-4613-9C2E-A7BA94C71D3F}.Debug|Any CPU.Build.0 = Debug|Any CPU
		{FB360B88-8452-4613-9C2E-A7BA94C71D3F}.Release|Any CPU.ActiveCfg = Release|Any CPU
		{FB360B88-8452-4613-9C2E-A7BA94C71D3F}.Release|Any CPU.Build.0 = Release|Any CPU
		{6AE71343-3E0B-4E8F-9BA4-B7B15E98A4D8}.Debug|Any CPU.ActiveCfg = Debug|Any CPU
		{6AE71343-3E0B-4E8F-9BA4-B7B15E98A4D8}.Debug|Any CPU.Build.0 = Debug|Any CPU
		{6AE71343-3E0B-4E8F-9BA4-B7B15E98A4D8}.Release|Any CPU.ActiveCfg = Release|Any CPU
		{6AE71343-3E0B-4E8F-9BA4-B7B15E98A4D8}.Release|Any CPU.Build.0 = Release|Any CPU
		{ED9C3B7B-5426-4BBD-998F-3F779D1E838A}.Debug|Any CPU.ActiveCfg = Debug|Any CPU
		{ED9C3B7B-5426-4BBD-998F-3F779D1E838A}.Debug|Any CPU.Build.0 = Debug|Any CPU
		{ED9C3B7B-5426-4BBD-998F-3F779D1E838A}.Release|Any CPU.ActiveCfg = Release|Any CPU
		{ED9C3B7B-5426-4BBD-998F-3F779D1E838A}.Release|Any CPU.Build.0 = Release|Any CPU
		{24E845E3-F48F-42E2-997A-87AC14E573D4}.Debug|Any CPU.ActiveCfg = Debug|Any CPU
		{24E845E3-F48F-42E2-997A-87AC14E573D4}.Debug|Any CPU.Build.0 = Debug|Any CPU
		{24E845E3-F48F-42E2-997A-87AC14E573D4}.Release|Any CPU.ActiveCfg = Release|Any CPU
		{24E845E3-F48F-42E2-997A-87AC14E573D4}.Release|Any CPU.Build.0 = Release|Any CPU
		{F36E9BDB-EFF1-442D-90B7-4C832DD1DE6F}.Debug|Any CPU.ActiveCfg = Debug|Any CPU
		{F36E9BDB-EFF1-442D-90B7-4C832DD1DE6F}.Debug|Any CPU.Build.0 = Debug|Any CPU
		{F36E9BDB-EFF1-442D-90B7-4C832DD1DE6F}.Release|Any CPU.ActiveCfg = Release|Any CPU
		{F36E9BDB-EFF1-442D-90B7-4C832DD1DE6F}.Release|Any CPU.Build.0 = Release|Any CPU
	EndGlobalSection
	GlobalSection(SolutionProperties) = preSolution
		HideSolutionNode = FALSE
	EndGlobalSection
	GlobalSection(ExtensibilityGlobals) = postSolution
		SolutionGuid = {C2232732-039B-41D0-A04B-3D7B30A1ECF3}
	EndGlobalSection
EndGlobal
